// !$*UTF8*$!
{
	archiveVersion = 1;
	classes = {
	};
	objectVersion = 77;
	objects = {

/* Begin PBXBuildFile section */
		AE678DA22EB9545B00786709 /* WidgetKit.framework in Frameworks */ = {isa = PBXBuildFile; fileRef = AE678DA12EB9545B00786709 /* WidgetKit.framework */; };
		AE678DA42EB9545B00786709 /* SwiftUI.framework in Frameworks */ = {isa = PBXBuildFile; fileRef = AE678DA32EB9545B00786709 /* SwiftUI.framework */; };
		AE678DB52EB9545C00786709 /* CauldronWidgetExtension.appex in Embed Foundation Extensions */ = {isa = PBXBuildFile; fileRef = AE678D9F2EB9545B00786709 /* CauldronWidgetExtension.appex */; settings = {ATTRIBUTES = (RemoveHeadersOnCopy, ); }; };
/* End PBXBuildFile section */

/* Begin PBXContainerItemProxy section */
		AE678DB32EB9545C00786709 /* PBXContainerItemProxy */ = {
			isa = PBXContainerItemProxy;
			containerPortal = 505171AA2DCB0D4B0077095A /* Project object */;
			proxyType = 1;
			remoteGlobalIDString = AE678D9E2EB9545B00786709;
			remoteInfo = CauldronWidgetExtension;
		};
		AEC35F2D2EC663B9008AA712 /* PBXContainerItemProxy */ = {
			isa = PBXContainerItemProxy;
			containerPortal = 505171AA2DCB0D4B0077095A /* Project object */;
			proxyType = 1;
			remoteGlobalIDString = 50F5BA812E937E2C00E4A5C4;
			remoteInfo = Cauldron;
		};
/* End PBXContainerItemProxy section */

/* Begin PBXCopyFilesBuildPhase section */
		AE678DBA2EB9545C00786709 /* Embed Foundation Extensions */ = {
			isa = PBXCopyFilesBuildPhase;
			buildActionMask = 2147483647;
			dstPath = "";
			dstSubfolderSpec = 13;
			files = (
				AE678DB52EB9545C00786709 /* CauldronWidgetExtension.appex in Embed Foundation Extensions */,
			);
			name = "Embed Foundation Extensions";
			runOnlyForDeploymentPostprocessing = 0;
		};
/* End PBXCopyFilesBuildPhase section */

/* Begin PBXFileReference section */
		50F5BA822E937E2C00E4A5C4 /* Cauldron.app */ = {isa = PBXFileReference; explicitFileType = wrapper.application; includeInIndex = 0; path = Cauldron.app; sourceTree = BUILT_PRODUCTS_DIR; };
		AE678D9F2EB9545B00786709 /* CauldronWidgetExtension.appex */ = {isa = PBXFileReference; explicitFileType = "wrapper.app-extension"; includeInIndex = 0; path = CauldronWidgetExtension.appex; sourceTree = BUILT_PRODUCTS_DIR; };
		AE678DA12EB9545B00786709 /* WidgetKit.framework */ = {isa = PBXFileReference; lastKnownFileType = wrapper.framework; name = WidgetKit.framework; path = System/Library/Frameworks/WidgetKit.framework; sourceTree = SDKROOT; };
		AE678DA32EB9545B00786709 /* SwiftUI.framework */ = {isa = PBXFileReference; lastKnownFileType = wrapper.framework; name = SwiftUI.framework; path = System/Library/Frameworks/SwiftUI.framework; sourceTree = SDKROOT; };
		AEC35F292EC663B9008AA712 /* CauldronTests.xctest */ = {isa = PBXFileReference; explicitFileType = wrapper.cfbundle; includeInIndex = 0; path = CauldronTests.xctest; sourceTree = BUILT_PRODUCTS_DIR; };
/* End PBXFileReference section */

/* Begin PBXFileSystemSynchronizedBuildFileExceptionSet section */
		50F5BB3F2E937E7400E4A5C4 /* Exceptions for "Cauldron" folder in "Cauldron" target */ = {
			isa = PBXFileSystemSynchronizedBuildFileExceptionSet;
			membershipExceptions = (
				Info.plist,
			);
			target = 50F5BA812E937E2C00E4A5C4 /* Cauldron */;
		};
		AE678DB92EB9545C00786709 /* Exceptions for "CauldronWidget" folder in "CauldronWidgetExtension" target */ = {
			isa = PBXFileSystemSynchronizedBuildFileExceptionSet;
			membershipExceptions = (
				Info.plist,
			);
			target = AE678D9E2EB9545B00786709 /* CauldronWidgetExtension */;
		};
		AE678DC12EB9658600786709 /* Exceptions for "Cauldron" folder in "CauldronWidgetExtension" target */ = {
			isa = PBXFileSystemSynchronizedBuildFileExceptionSet;
			membershipExceptions = (
				Assets.xcassets,
				Core/Models/CookModeActivityAttributes.swift,
			);
			target = AE678D9E2EB9545B00786709 /* CauldronWidgetExtension */;
		};
/* End PBXFileSystemSynchronizedBuildFileExceptionSet section */

/* Begin PBXFileSystemSynchronizedRootGroup section */
		50F5BA832E937E2C00E4A5C4 /* Cauldron */ = {
			isa = PBXFileSystemSynchronizedRootGroup;
			exceptions = (
				50F5BB3F2E937E7400E4A5C4 /* Exceptions for "Cauldron" folder in "Cauldron" target */,
				AE678DC12EB9658600786709 /* Exceptions for "Cauldron" folder in "CauldronWidgetExtension" target */,
			);
			path = Cauldron;
			sourceTree = "<group>";
		};
		AE678DA52EB9545B00786709 /* CauldronWidget */ = {
			isa = PBXFileSystemSynchronizedRootGroup;
			exceptions = (
				AE678DB92EB9545C00786709 /* Exceptions for "CauldronWidget" folder in "CauldronWidgetExtension" target */,
			);
			path = CauldronWidget;
			sourceTree = "<group>";
		};
		AEC35F2A2EC663B9008AA712 /* CauldronTests */ = {
			isa = PBXFileSystemSynchronizedRootGroup;
			path = CauldronTests;
			sourceTree = "<group>";
		};
/* End PBXFileSystemSynchronizedRootGroup section */

/* Begin PBXFrameworksBuildPhase section */
		50F5BA7F2E937E2C00E4A5C4 /* Frameworks */ = {
			isa = PBXFrameworksBuildPhase;
			buildActionMask = 2147483647;
			files = (
			);
			runOnlyForDeploymentPostprocessing = 0;
		};
		AE678D9C2EB9545B00786709 /* Frameworks */ = {
			isa = PBXFrameworksBuildPhase;
			buildActionMask = 2147483647;
			files = (
				AE678DA42EB9545B00786709 /* SwiftUI.framework in Frameworks */,
				AE678DA22EB9545B00786709 /* WidgetKit.framework in Frameworks */,
			);
			runOnlyForDeploymentPostprocessing = 0;
		};
		AEC35F262EC663B9008AA712 /* Frameworks */ = {
			isa = PBXFrameworksBuildPhase;
			buildActionMask = 2147483647;
			files = (
			);
			runOnlyForDeploymentPostprocessing = 0;
		};
/* End PBXFrameworksBuildPhase section */

/* Begin PBXGroup section */
		505171A92DCB0D4B0077095A = {
			isa = PBXGroup;
			children = (
				50F5BA832E937E2C00E4A5C4 /* Cauldron */,
				AE678DA52EB9545B00786709 /* CauldronWidget */,
				AEC35F2A2EC663B9008AA712 /* CauldronTests */,
				AE678DA02EB9545B00786709 /* Frameworks */,
				505171B32DCB0D4B0077095A /* Products */,
			);
			sourceTree = "<group>";
		};
		505171B32DCB0D4B0077095A /* Products */ = {
			isa = PBXGroup;
			children = (
				50F5BA822E937E2C00E4A5C4 /* Cauldron.app */,
				AE678D9F2EB9545B00786709 /* CauldronWidgetExtension.appex */,
				AEC35F292EC663B9008AA712 /* CauldronTests.xctest */,
			);
			name = Products;
			sourceTree = "<group>";
		};
		AE678DA02EB9545B00786709 /* Frameworks */ = {
			isa = PBXGroup;
			children = (
				AE678DA12EB9545B00786709 /* WidgetKit.framework */,
				AE678DA32EB9545B00786709 /* SwiftUI.framework */,
			);
			name = Frameworks;
			sourceTree = "<group>";
		};
/* End PBXGroup section */

/* Begin PBXNativeTarget section */
		50F5BA812E937E2C00E4A5C4 /* Cauldron */ = {
			isa = PBXNativeTarget;
			buildConfigurationList = 50F5BA8A2E937E2D00E4A5C4 /* Build configuration list for PBXNativeTarget "Cauldron" */;
			buildPhases = (
				50F5BA7E2E937E2C00E4A5C4 /* Sources */,
				50F5BA7F2E937E2C00E4A5C4 /* Frameworks */,
				50F5BA802E937E2C00E4A5C4 /* Resources */,
				AE678DBA2EB9545C00786709 /* Embed Foundation Extensions */,
			);
			buildRules = (
			);
			dependencies = (
				AE678DB42EB9545C00786709 /* PBXTargetDependency */,
			);
			fileSystemSynchronizedGroups = (
				50F5BA832E937E2C00E4A5C4 /* Cauldron */,
			);
			name = Cauldron;
			packageProductDependencies = (
			);
			productName = Cauldron;
			productReference = 50F5BA822E937E2C00E4A5C4 /* Cauldron.app */;
			productType = "com.apple.product-type.application";
		};
		AE678D9E2EB9545B00786709 /* CauldronWidgetExtension */ = {
			isa = PBXNativeTarget;
			buildConfigurationList = AE678DB62EB9545C00786709 /* Build configuration list for PBXNativeTarget "CauldronWidgetExtension" */;
			buildPhases = (
				AE678D9B2EB9545B00786709 /* Sources */,
				AE678D9C2EB9545B00786709 /* Frameworks */,
				AE678D9D2EB9545B00786709 /* Resources */,
			);
			buildRules = (
			);
			dependencies = (
			);
			fileSystemSynchronizedGroups = (
				AE678DA52EB9545B00786709 /* CauldronWidget */,
			);
			name = CauldronWidgetExtension;
			packageProductDependencies = (
			);
			productName = CauldronWidgetExtension;
			productReference = AE678D9F2EB9545B00786709 /* CauldronWidgetExtension.appex */;
			productType = "com.apple.product-type.app-extension";
		};
		AEC35F282EC663B9008AA712 /* CauldronTests */ = {
			isa = PBXNativeTarget;
			buildConfigurationList = AEC35F312EC663B9008AA712 /* Build configuration list for PBXNativeTarget "CauldronTests" */;
			buildPhases = (
				AEC35F252EC663B9008AA712 /* Sources */,
				AEC35F262EC663B9008AA712 /* Frameworks */,
				AEC35F272EC663B9008AA712 /* Resources */,
			);
			buildRules = (
			);
			dependencies = (
				AEC35F2E2EC663B9008AA712 /* PBXTargetDependency */,
			);
			fileSystemSynchronizedGroups = (
				AEC35F2A2EC663B9008AA712 /* CauldronTests */,
			);
			name = CauldronTests;
			packageProductDependencies = (
			);
			productName = CauldronTests;
			productReference = AEC35F292EC663B9008AA712 /* CauldronTests.xctest */;
			productType = "com.apple.product-type.bundle.unit-test";
		};
/* End PBXNativeTarget section */

/* Begin PBXProject section */
		505171AA2DCB0D4B0077095A /* Project object */ = {
			isa = PBXProject;
			attributes = {
				BuildIndependentTargetsInParallel = 1;
				LastSwiftUpdateCheck = 2600;
				LastUpgradeCheck = 1630;
				TargetAttributes = {
					50F5BA812E937E2C00E4A5C4 = {
						CreatedOnToolsVersion = 26.0.1;
					};
					AE678D9E2EB9545B00786709 = {
						CreatedOnToolsVersion = 26.0.1;
					};
					AEC35F282EC663B9008AA712 = {
						CreatedOnToolsVersion = 26.0.1;
						TestTargetID = 50F5BA812E937E2C00E4A5C4;
					};
				};
			};
			buildConfigurationList = 505171AD2DCB0D4B0077095A /* Build configuration list for PBXProject "Cauldron" */;
			developmentRegion = en;
			hasScannedForEncodings = 0;
			knownRegions = (
				en,
				Base,
			);
			mainGroup = 505171A92DCB0D4B0077095A;
			minimizedProjectReferenceProxies = 1;
			packageReferences = (
			);
			preferredProjectObjectVersion = 77;
			productRefGroup = 505171B32DCB0D4B0077095A /* Products */;
			projectDirPath = "";
			projectRoot = "";
			targets = (
				50F5BA812E937E2C00E4A5C4 /* Cauldron */,
				AE678D9E2EB9545B00786709 /* CauldronWidgetExtension */,
				AEC35F282EC663B9008AA712 /* CauldronTests */,
			);
		};
/* End PBXProject section */

/* Begin PBXResourcesBuildPhase section */
		50F5BA802E937E2C00E4A5C4 /* Resources */ = {
			isa = PBXResourcesBuildPhase;
			buildActionMask = 2147483647;
			files = (
			);
			runOnlyForDeploymentPostprocessing = 0;
		};
		AE678D9D2EB9545B00786709 /* Resources */ = {
			isa = PBXResourcesBuildPhase;
			buildActionMask = 2147483647;
			files = (
			);
			runOnlyForDeploymentPostprocessing = 0;
		};
		AEC35F272EC663B9008AA712 /* Resources */ = {
			isa = PBXResourcesBuildPhase;
			buildActionMask = 2147483647;
			files = (
			);
			runOnlyForDeploymentPostprocessing = 0;
		};
/* End PBXResourcesBuildPhase section */

/* Begin PBXSourcesBuildPhase section */
		50F5BA7E2E937E2C00E4A5C4 /* Sources */ = {
			isa = PBXSourcesBuildPhase;
			buildActionMask = 2147483647;
			files = (
			);
			runOnlyForDeploymentPostprocessing = 0;
		};
		AE678D9B2EB9545B00786709 /* Sources */ = {
			isa = PBXSourcesBuildPhase;
			buildActionMask = 2147483647;
			files = (
			);
			runOnlyForDeploymentPostprocessing = 0;
		};
		AEC35F252EC663B9008AA712 /* Sources */ = {
			isa = PBXSourcesBuildPhase;
			buildActionMask = 2147483647;
			files = (
			);
			runOnlyForDeploymentPostprocessing = 0;
		};
/* End PBXSourcesBuildPhase section */

/* Begin PBXTargetDependency section */
		AE678DB42EB9545C00786709 /* PBXTargetDependency */ = {
			isa = PBXTargetDependency;
			target = AE678D9E2EB9545B00786709 /* CauldronWidgetExtension */;
			targetProxy = AE678DB32EB9545C00786709 /* PBXContainerItemProxy */;
		};
		AEC35F2E2EC663B9008AA712 /* PBXTargetDependency */ = {
			isa = PBXTargetDependency;
			target = 50F5BA812E937E2C00E4A5C4 /* Cauldron */;
			targetProxy = AEC35F2D2EC663B9008AA712 /* PBXContainerItemProxy */;
		};
/* End PBXTargetDependency section */

/* Begin XCBuildConfiguration section */
		505171BB2DCB0D4C0077095A /* Debug */ = {
			isa = XCBuildConfiguration;
			buildSettings = {
				ALWAYS_SEARCH_USER_PATHS = NO;
				ASSETCATALOG_COMPILER_GENERATE_SWIFT_ASSET_SYMBOL_EXTENSIONS = YES;
				CLANG_ANALYZER_NONNULL = YES;
				CLANG_ANALYZER_NUMBER_OBJECT_CONVERSION = YES_AGGRESSIVE;
				CLANG_CXX_LANGUAGE_STANDARD = "gnu++20";
				CLANG_ENABLE_MODULES = YES;
				CLANG_ENABLE_OBJC_ARC = YES;
				CLANG_ENABLE_OBJC_WEAK = YES;
				CLANG_WARN_BLOCK_CAPTURE_AUTORELEASING = YES;
				CLANG_WARN_BOOL_CONVERSION = YES;
				CLANG_WARN_COMMA = YES;
				CLANG_WARN_CONSTANT_CONVERSION = YES;
				CLANG_WARN_DEPRECATED_OBJC_IMPLEMENTATIONS = YES;
				CLANG_WARN_DIRECT_OBJC_ISA_USAGE = YES_ERROR;
				CLANG_WARN_DOCUMENTATION_COMMENTS = YES;
				CLANG_WARN_EMPTY_BODY = YES;
				CLANG_WARN_ENUM_CONVERSION = YES;
				CLANG_WARN_INFINITE_RECURSION = YES;
				CLANG_WARN_INT_CONVERSION = YES;
				CLANG_WARN_NON_LITERAL_NULL_CONVERSION = YES;
				CLANG_WARN_OBJC_IMPLICIT_RETAIN_SELF = YES;
				CLANG_WARN_OBJC_LITERAL_CONVERSION = YES;
				CLANG_WARN_OBJC_ROOT_CLASS = YES_ERROR;
				CLANG_WARN_QUOTED_INCLUDE_IN_FRAMEWORK_HEADER = YES;
				CLANG_WARN_RANGE_LOOP_ANALYSIS = YES;
				CLANG_WARN_STRICT_PROTOTYPES = YES;
				CLANG_WARN_SUSPICIOUS_MOVE = YES;
				CLANG_WARN_UNGUARDED_AVAILABILITY = YES_AGGRESSIVE;
				CLANG_WARN_UNREACHABLE_CODE = YES;
				CLANG_WARN__DUPLICATE_METHOD_MATCH = YES;
				COPY_PHASE_STRIP = NO;
				DEBUG_INFORMATION_FORMAT = dwarf;
				DEVELOPMENT_TEAM = C4MRP56MF5;
				ENABLE_STRICT_OBJC_MSGSEND = YES;
				ENABLE_TESTABILITY = YES;
				ENABLE_USER_SCRIPT_SANDBOXING = YES;
				GCC_C_LANGUAGE_STANDARD = gnu17;
				GCC_DYNAMIC_NO_PIC = NO;
				GCC_NO_COMMON_BLOCKS = YES;
				GCC_OPTIMIZATION_LEVEL = 0;
				GCC_PREPROCESSOR_DEFINITIONS = (
					"DEBUG=1",
					"$(inherited)",
				);
				GCC_WARN_64_TO_32_BIT_CONVERSION = YES;
				GCC_WARN_ABOUT_RETURN_TYPE = YES_ERROR;
				GCC_WARN_UNDECLARED_SELECTOR = YES;
				GCC_WARN_UNINITIALIZED_AUTOS = YES_AGGRESSIVE;
				GCC_WARN_UNUSED_FUNCTION = YES;
				GCC_WARN_UNUSED_VARIABLE = YES;
				IPHONEOS_DEPLOYMENT_TARGET = 26.1;
				LOCALIZATION_PREFERS_STRING_CATALOGS = YES;
				MTL_ENABLE_DEBUG_INFO = INCLUDE_SOURCE;
				MTL_FAST_MATH = YES;
				ONLY_ACTIVE_ARCH = YES;
				SDKROOT = iphoneos;
				SWIFT_ACTIVE_COMPILATION_CONDITIONS = "DEBUG $(inherited)";
				SWIFT_OPTIMIZATION_LEVEL = "-Onone";
			};
			name = Debug;
		};
		505171BC2DCB0D4C0077095A /* Release */ = {
			isa = XCBuildConfiguration;
			buildSettings = {
				ALWAYS_SEARCH_USER_PATHS = NO;
				ASSETCATALOG_COMPILER_GENERATE_SWIFT_ASSET_SYMBOL_EXTENSIONS = YES;
				CLANG_ANALYZER_NONNULL = YES;
				CLANG_ANALYZER_NUMBER_OBJECT_CONVERSION = YES_AGGRESSIVE;
				CLANG_CXX_LANGUAGE_STANDARD = "gnu++20";
				CLANG_ENABLE_MODULES = YES;
				CLANG_ENABLE_OBJC_ARC = YES;
				CLANG_ENABLE_OBJC_WEAK = YES;
				CLANG_WARN_BLOCK_CAPTURE_AUTORELEASING = YES;
				CLANG_WARN_BOOL_CONVERSION = YES;
				CLANG_WARN_COMMA = YES;
				CLANG_WARN_CONSTANT_CONVERSION = YES;
				CLANG_WARN_DEPRECATED_OBJC_IMPLEMENTATIONS = YES;
				CLANG_WARN_DIRECT_OBJC_ISA_USAGE = YES_ERROR;
				CLANG_WARN_DOCUMENTATION_COMMENTS = YES;
				CLANG_WARN_EMPTY_BODY = YES;
				CLANG_WARN_ENUM_CONVERSION = YES;
				CLANG_WARN_INFINITE_RECURSION = YES;
				CLANG_WARN_INT_CONVERSION = YES;
				CLANG_WARN_NON_LITERAL_NULL_CONVERSION = YES;
				CLANG_WARN_OBJC_IMPLICIT_RETAIN_SELF = YES;
				CLANG_WARN_OBJC_LITERAL_CONVERSION = YES;
				CLANG_WARN_OBJC_ROOT_CLASS = YES_ERROR;
				CLANG_WARN_QUOTED_INCLUDE_IN_FRAMEWORK_HEADER = YES;
				CLANG_WARN_RANGE_LOOP_ANALYSIS = YES;
				CLANG_WARN_STRICT_PROTOTYPES = YES;
				CLANG_WARN_SUSPICIOUS_MOVE = YES;
				CLANG_WARN_UNGUARDED_AVAILABILITY = YES_AGGRESSIVE;
				CLANG_WARN_UNREACHABLE_CODE = YES;
				CLANG_WARN__DUPLICATE_METHOD_MATCH = YES;
				COPY_PHASE_STRIP = NO;
				DEBUG_INFORMATION_FORMAT = "dwarf-with-dsym";
				DEVELOPMENT_TEAM = C4MRP56MF5;
				ENABLE_NS_ASSERTIONS = NO;
				ENABLE_STRICT_OBJC_MSGSEND = YES;
				ENABLE_USER_SCRIPT_SANDBOXING = YES;
				GCC_C_LANGUAGE_STANDARD = gnu17;
				GCC_NO_COMMON_BLOCKS = YES;
				GCC_WARN_64_TO_32_BIT_CONVERSION = YES;
				GCC_WARN_ABOUT_RETURN_TYPE = YES_ERROR;
				GCC_WARN_UNDECLARED_SELECTOR = YES;
				GCC_WARN_UNINITIALIZED_AUTOS = YES_AGGRESSIVE;
				GCC_WARN_UNUSED_FUNCTION = YES;
				GCC_WARN_UNUSED_VARIABLE = YES;
				IPHONEOS_DEPLOYMENT_TARGET = 26.1;
				LOCALIZATION_PREFERS_STRING_CATALOGS = YES;
				MTL_ENABLE_DEBUG_INFO = NO;
				MTL_FAST_MATH = YES;
				SDKROOT = iphoneos;
				SWIFT_COMPILATION_MODE = wholemodule;
				VALIDATE_PRODUCT = YES;
			};
			name = Release;
		};
		50F5BA8B2E937E2D00E4A5C4 /* Debug */ = {
			isa = XCBuildConfiguration;
			buildSettings = {
				ASSETCATALOG_COMPILER_ALTERNATE_APPICON_NAMES = "CauldronIconWicked CauldronIconGoodWitch CauldronIconMaleficent CauldronIconUrsula CauldronIconAgatha CauldronIconScarletWitch CauldronIconLion CauldronIconSerpent CauldronIconBadger CauldronIconEagle";
				ASSETCATALOG_COMPILER_APPICON_NAME = CauldronDevIcon;
				ASSETCATALOG_COMPILER_GLOBAL_ACCENT_COLOR_NAME = AccentColor;
				ASSETCATALOG_COMPILER_INCLUDE_ALL_APPICON_ASSETS = NO;
				CODE_SIGN_ALLOW_ENTITLEMENTS_MODIFICATION = YES;
				CODE_SIGN_ENTITLEMENTS = Cauldron/Cauldron.entitlements;
				CODE_SIGN_STYLE = Automatic;
				CURRENT_PROJECT_VERSION = 1;
				DEVELOPMENT_TEAM = C4MRP56MF5;
				ENABLE_PREVIEWS = YES;
				GENERATE_INFOPLIST_FILE = YES;
				INFOPLIST_FILE = Cauldron/Info.plist;
				INFOPLIST_KEY_CFBundleDisplayName = Cauldron;
				INFOPLIST_KEY_LSApplicationCategoryType = "public.app-category.food-and-drink";
				INFOPLIST_KEY_NSCameraUsageDescription = "Cauldron needs access to your camera to take photos of your recipes.";
				INFOPLIST_KEY_NSPhotoLibraryUsageDescription = "Cauldron needs access to your photo library to add recipe images.";
				INFOPLIST_KEY_NSSupportsLiveActivities = YES;
				INFOPLIST_KEY_UIApplicationSceneManifest_Generation = YES;
				INFOPLIST_KEY_UIApplicationSupportsIndirectInputEvents = YES;
				INFOPLIST_KEY_UISupportedInterfaceOrientations = UIInterfaceOrientationPortrait;
				INFOPLIST_KEY_UISupportedInterfaceOrientations_iPad = "UIInterfaceOrientationPortrait UIInterfaceOrientationPortraitUpsideDown";
				IPHONEOS_DEPLOYMENT_TARGET = 26.2;
				LD_RUNPATH_SEARCH_PATHS = (
					"$(inherited)",
					"@executable_path/Frameworks",
				);
				MARKETING_VERSION = 1.0;
				PRODUCT_BUNDLE_IDENTIFIER = Nadav.Cauldron.dev;
				PRODUCT_NAME = "$(TARGET_NAME)";
				STRING_CATALOG_GENERATE_SYMBOLS = YES;
				SUPPORTED_PLATFORMS = "iphoneos iphonesimulator";
				SUPPORTS_MACCATALYST = NO;
				SWIFT_APPROACHABLE_CONCURRENCY = YES;
				SWIFT_DEFAULT_ACTOR_ISOLATION = MainActor;
				SWIFT_EMIT_LOC_STRINGS = YES;
				SWIFT_UPCOMING_FEATURE_MEMBER_IMPORT_VISIBILITY = YES;
				SWIFT_VERSION = 5.0;
				TARGETED_DEVICE_FAMILY = 1;
			};
			name = Debug;
		};
		50F5BA8C2E937E2D00E4A5C4 /* Release */ = {
			isa = XCBuildConfiguration;
			buildSettings = {
				ASSETCATALOG_COMPILER_ALTERNATE_APPICON_NAMES = "CauldronIconWicked CauldronIconGoodWitch CauldronIconMaleficent CauldronIconUrsula CauldronIconAgatha CauldronIconScarletWitch CauldronIconLion CauldronIconSerpent CauldronIconBadger CauldronIconEagle";
				ASSETCATALOG_COMPILER_APPICON_NAME = CauldronIcon;
				ASSETCATALOG_COMPILER_GLOBAL_ACCENT_COLOR_NAME = AccentColor;
				ASSETCATALOG_COMPILER_INCLUDE_ALL_APPICON_ASSETS = NO;
				CODE_SIGN_ENTITLEMENTS = Cauldron/Cauldron.entitlements;
				CODE_SIGN_STYLE = Automatic;
				CURRENT_PROJECT_VERSION = 1;
				DEVELOPMENT_TEAM = C4MRP56MF5;
				ENABLE_PREVIEWS = YES;
				GENERATE_INFOPLIST_FILE = YES;
				INFOPLIST_FILE = Cauldron/Info.plist;
				INFOPLIST_KEY_CFBundleDisplayName = Cauldron;
				INFOPLIST_KEY_LSApplicationCategoryType = "public.app-category.food-and-drink";
				INFOPLIST_KEY_NSCameraUsageDescription = "Cauldron needs access to your camera to take photos of your recipes.";
				INFOPLIST_KEY_NSPhotoLibraryUsageDescription = "Cauldron needs access to your photo library to add recipe images.";
				INFOPLIST_KEY_NSSupportsLiveActivities = YES;
				INFOPLIST_KEY_UIApplicationSceneManifest_Generation = YES;
				INFOPLIST_KEY_UIApplicationSupportsIndirectInputEvents = YES;
				INFOPLIST_KEY_UISupportedInterfaceOrientations = UIInterfaceOrientationPortrait;
				INFOPLIST_KEY_UISupportedInterfaceOrientations_iPad = "UIInterfaceOrientationPortrait UIInterfaceOrientationPortraitUpsideDown";
				IPHONEOS_DEPLOYMENT_TARGET = 26.2;
				LD_RUNPATH_SEARCH_PATHS = (
					"$(inherited)",
					"@executable_path/Frameworks",
				);
				MARKETING_VERSION = 1.0;
				PRODUCT_BUNDLE_IDENTIFIER = Nadav.Cauldron;
				PRODUCT_NAME = "$(TARGET_NAME)";
				STRING_CATALOG_GENERATE_SYMBOLS = YES;
				SUPPORTED_PLATFORMS = "iphoneos iphonesimulator";
				SUPPORTS_MACCATALYST = NO;
				SWIFT_APPROACHABLE_CONCURRENCY = YES;
				SWIFT_DEFAULT_ACTOR_ISOLATION = MainActor;
				SWIFT_EMIT_LOC_STRINGS = YES;
				SWIFT_UPCOMING_FEATURE_MEMBER_IMPORT_VISIBILITY = YES;
				SWIFT_VERSION = 5.0;
				TARGETED_DEVICE_FAMILY = 1;
			};
			name = Release;
		};
		AE678DB72EB9545C00786709 /* Debug */ = {
			isa = XCBuildConfiguration;
			buildSettings = {
				ASSETCATALOG_COMPILER_GLOBAL_ACCENT_COLOR_NAME = AccentColor;
				ASSETCATALOG_COMPILER_WIDGET_BACKGROUND_COLOR_NAME = WidgetBackground;
				CODE_SIGN_STYLE = Automatic;
				CURRENT_PROJECT_VERSION = 1;
				DEVELOPMENT_TEAM = C4MRP56MF5;
				GENERATE_INFOPLIST_FILE = YES;
				INFOPLIST_FILE = CauldronWidget/Info.plist;
				INFOPLIST_KEY_CFBundleDisplayName = CauldronWidget;
				INFOPLIST_KEY_NSHumanReadableCopyright = "";
				LD_RUNPATH_SEARCH_PATHS = (
					"$(inherited)",
					"@executable_path/Frameworks",
					"@executable_path/../../Frameworks",
				);
				MARKETING_VERSION = 1.0;
				PRODUCT_BUNDLE_IDENTIFIER = Nadav.Cauldron.dev.CauldronWidget;
				PRODUCT_NAME = "$(TARGET_NAME)";
				SKIP_INSTALL = YES;
				STRING_CATALOG_GENERATE_SYMBOLS = YES;
				SWIFT_APPROACHABLE_CONCURRENCY = YES;
				SWIFT_EMIT_LOC_STRINGS = YES;
				SWIFT_UPCOMING_FEATURE_MEMBER_IMPORT_VISIBILITY = YES;
				SWIFT_VERSION = 5.0;
				TARGETED_DEVICE_FAMILY = "1,2";
			};
			name = Debug;
		};
		AE678DB82EB9545C00786709 /* Release */ = {
			isa = XCBuildConfiguration;
			buildSettings = {
				ASSETCATALOG_COMPILER_GLOBAL_ACCENT_COLOR_NAME = AccentColor;
				ASSETCATALOG_COMPILER_WIDGET_BACKGROUND_COLOR_NAME = WidgetBackground;
				CODE_SIGN_STYLE = Automatic;
				CURRENT_PROJECT_VERSION = 1;
				DEVELOPMENT_TEAM = C4MRP56MF5;
				GENERATE_INFOPLIST_FILE = YES;
				INFOPLIST_FILE = CauldronWidget/Info.plist;
				INFOPLIST_KEY_CFBundleDisplayName = CauldronWidget;
				INFOPLIST_KEY_NSHumanReadableCopyright = "";
				LD_RUNPATH_SEARCH_PATHS = (
					"$(inherited)",
					"@executable_path/Frameworks",
					"@executable_path/../../Frameworks",
				);
				MARKETING_VERSION = 1.0;
				PRODUCT_BUNDLE_IDENTIFIER = Nadav.Cauldron.CauldronWidget;
				PRODUCT_NAME = "$(TARGET_NAME)";
				SKIP_INSTALL = YES;
				STRING_CATALOG_GENERATE_SYMBOLS = YES;
				SWIFT_APPROACHABLE_CONCURRENCY = YES;
				SWIFT_EMIT_LOC_STRINGS = YES;
				SWIFT_UPCOMING_FEATURE_MEMBER_IMPORT_VISIBILITY = YES;
				SWIFT_VERSION = 5.0;
				TARGETED_DEVICE_FAMILY = "1,2";
			};
			name = Release;
		};
		AEC35F2F2EC663B9008AA712 /* Debug */ = {
			isa = XCBuildConfiguration;
			buildSettings = {
				BUNDLE_LOADER = "$(TEST_HOST)";
				CODE_SIGN_STYLE = Automatic;
				CURRENT_PROJECT_VERSION = 1;
				DEVELOPMENT_TEAM = C4MRP56MF5;
				GENERATE_INFOPLIST_FILE = YES;
				MARKETING_VERSION = 1.0;
				PRODUCT_BUNDLE_IDENTIFIER = Nadav.CauldronTests;
				PRODUCT_NAME = "$(TARGET_NAME)";
				STRING_CATALOG_GENERATE_SYMBOLS = NO;
				SWIFT_APPROACHABLE_CONCURRENCY = YES;
				SWIFT_EMIT_LOC_STRINGS = NO;
				SWIFT_UPCOMING_FEATURE_MEMBER_IMPORT_VISIBILITY = YES;
				SWIFT_VERSION = 5.0;
				TARGETED_DEVICE_FAMILY = "1,2";
				TEST_HOST = "$(BUILT_PRODUCTS_DIR)/Cauldron.app/$(BUNDLE_EXECUTABLE_FOLDER_PATH)/Cauldron";
			};
			name = Debug;
		};
		AEC35F302EC663B9008AA712 /* Release */ = {
			isa = XCBuildConfiguration;
			buildSettings = {
				BUNDLE_LOADER = "$(TEST_HOST)";
				CODE_SIGN_STYLE = Automatic;
				CURRENT_PROJECT_VERSION = 1;
				DEVELOPMENT_TEAM = C4MRP56MF5;
				GENERATE_INFOPLIST_FILE = YES;
				MARKETING_VERSION = 1.0;
				PRODUCT_BUNDLE_IDENTIFIER = Nadav.CauldronTests;
				PRODUCT_NAME = "$(TARGET_NAME)";
				STRING_CATALOG_GENERATE_SYMBOLS = NO;
				SWIFT_APPROACHABLE_CONCURRENCY = YES;
				SWIFT_EMIT_LOC_STRINGS = NO;
				SWIFT_UPCOMING_FEATURE_MEMBER_IMPORT_VISIBILITY = YES;
				SWIFT_VERSION = 5.0;
				TARGETED_DEVICE_FAMILY = "1,2";
				TEST_HOST = "$(BUILT_PRODUCTS_DIR)/Cauldron.app/$(BUNDLE_EXECUTABLE_FOLDER_PATH)/Cauldron";
			};
			name = Release;
		};
/* End XCBuildConfiguration section */

/* Begin XCConfigurationList section */
		505171AD2DCB0D4B0077095A /* Build configuration list for PBXProject "Cauldron" */ = {
			isa = XCConfigurationList;
			buildConfigurations = (
				505171BB2DCB0D4C0077095A /* Debug */,
				505171BC2DCB0D4C0077095A /* Release */,
			);
			defaultConfigurationIsVisible = 0;
			defaultConfigurationName = Release;
		};
		50F5BA8A2E937E2D00E4A5C4 /* Build configuration list for PBXNativeTarget "Cauldron" */ = {
			isa = XCConfigurationList;
			buildConfigurations = (
				50F5BA8B2E937E2D00E4A5C4 /* Debug */,
				50F5BA8C2E937E2D00E4A5C4 /* Release */,
			);
			defaultConfigurationIsVisible = 0;
			defaultConfigurationName = Release;
		};
		AE678DB62EB9545C00786709 /* Build configuration list for PBXNativeTarget "CauldronWidgetExtension" */ = {
			isa = XCConfigurationList;
			buildConfigurations = (
				AE678DB72EB9545C00786709 /* Debug */,
				AE678DB82EB9545C00786709 /* Release */,
			);
			defaultConfigurationIsVisible = 0;
			defaultConfigurationName = Release;
		};
		AEC35F312EC663B9008AA712 /* Build configuration list for PBXNativeTarget "CauldronTests" */ = {
			isa = XCConfigurationList;
			buildConfigurations = (
				AEC35F2F2EC663B9008AA712 /* Debug */,
				AEC35F302EC663B9008AA712 /* Release */,
			);
			defaultConfigurationIsVisible = 0;
			defaultConfigurationName = Release;
		};
/* End XCConfigurationList section */
	};
	rootObject = 505171AA2DCB0D4B0077095A /* Project object */;
}
